{
  "requires": true,
  "lockfileVersion": 1,
  "dependencies": {
    "ngx-countdown": {
      "version": "10.0.0",
      "resolved": "https://registry.npmjs.org/ngx-countdown/-/ngx-countdown-10.0.0.tgz",
      "integrity": "sha512-igs3P+i3gIu7otWzNlskk04wQXl98zjjS7TAKdAagPEmL37WBQiYYSm6Yp7Sdm9HWUlJSSMhFoNHCSdf7cBCzg==",
      "requires": {
        "tslib": "^2.0.0"
      }
    },
    "tslib": {
      "version": "2.0.1",
      "resolved": "https://registry.npmjs.org/tslib/-/tslib-2.0.1.tgz",
      "integrity": "sha512-SgIkNheinmEBgx1IUNirK0TUD4X9yjjBRTqqjggWCU3pUEqIk3/Uwl3yRixYKT6WjQuGiwDv4NomL3wqRCj+CQ=="
    }
  }
}
